
Microsoft Visual Studio Solution File, Format Version 12.00
# Visual Studio Version 17
VisualStudioVersion = 17.8.34316.72
MinimumVisualStudioVersion = 10.0.40219.1
Project("{FAE04EC0-301F-11D3-BF4B-00C04F79EFBC}") = "IdentityManagement.API", "IdentityManagement.API\IdentityManagement.API.csproj", "{DB45B085-27B7-445E-A08B-E040446D7506}"
EndProject
Global
	GlobalSection(SolutionConfigurationPlatforms) = preSolution
		Debug|Any CPU = Debug|Any CPU
		Release|Any CPU = Release|Any CPU
	EndGlobalSection
	GlobalSection(ProjectConfigurationPlatforms) = postSolution
		{DB45B085-27B7-445E-A08B-E040446D7506}.Debug|Any CPU.ActiveCfg = Debug|Any CPU
		{DB45B085-27B7-445E-A08B-E040446D7506}.Debug|Any CPU.Build.0 = Debug|Any CPU
		{DB45B085-27B7-445E-A08B-E040446D7506}.Release|Any CPU.ActiveCfg = Release|Any CPU
		{DB45B085-27B7-445E-A08B-E040446D7506}.Release|Any CPU.Build.0 = Release|Any CPU
	EndGlobalSection
	GlobalSection(SolutionProperties) = preSolution
		HideSolutionNode = FALSE
	EndGlobalSection
	GlobalSection(ExtensibilityGlobals) = postSolution
		SolutionGuid = {769FDCF3-9261-4DD0-8332-751BA81B6744}
	EndGlobalSection
EndGlobal
